PODS:
  - RayyanIOS (1.6.0):
    - RayyanIOS/Core (= 1.6.0)
  - RayyanIOS/Core (1.6.0):
    - RayyanIOS/SystemControl
  - RayyanIOS/SystemControl (1.6.0)

DEPENDENCIES:
  - RayyanIOS (from `../`)

EXTERNAL SOURCES:
  RayyanIOS:
    :path: "../"

SPEC CHECKSUMS:
  RayyanIOS: 3799a74204e60aedf71f15cda7062170c942245f

PODFILE CHECKSUM: e3eb2eab3705fad410d9cbf3cf749e33590ea157

COCOAPODS: 1.15.2
